
Microsoft Visual Studio Solution File, Format Version 12.00
# Visual Studio Version 17
VisualStudioVersion = 17.7.34018.315
MinimumVisualStudioVersion = 10.0.40219.1
Project("{9A19103F-16F7-4668-BE54-9A1E7A4F7556}") = "Core.Persistence", "Core.Persistence\Core.Persistence.csproj", "{8786A6B1-7CB1-4ADA-97D7-E5A6F25D190A}"
EndProject
Project("{9A19103F-16F7-4668-BE54-9A1E7A4F7556}") = "Core.Application", "Core.Application\Core.Application.csproj", "{1BDE9BCB-647F-446D-9C69-145315E5598C}"
EndProject
Project("{FAE04EC0-301F-11D3-BF4B-00C04F79EFBC}") = "Core.CrossCuttingConcerns", "Core.CrossCuttingConcerns\Core.CrossCuttingConcerns.csproj", "{AE0E562F-C5AC-4EFB-B8F3-00B18C1DEFAD}"
EndProject
Global
	GlobalSection(SolutionConfigurationPlatforms) = preSolution
		Debug|Any CPU = Debug|Any CPU
		Release|Any CPU = Release|Any CPU
	EndGlobalSection
	GlobalSection(ProjectConfigurationPlatforms) = postSolution
		{8786A6B1-7CB1-4ADA-97D7-E5A6F25D190A}.Debug|Any CPU.ActiveCfg = Debug|Any CPU
		{8786A6B1-7CB1-4ADA-97D7-E5A6F25D190A}.Debug|Any CPU.Build.0 = Debug|Any CPU
		{8786A6B1-7CB1-4ADA-97D7-E5A6F25D190A}.Release|Any CPU.ActiveCfg = Release|Any CPU
		{8786A6B1-7CB1-4ADA-97D7-E5A6F25D190A}.Release|Any CPU.Build.0 = Release|Any CPU
		{1BDE9BCB-647F-446D-9C69-145315E5598C}.Debug|Any CPU.ActiveCfg = Debug|Any CPU
		{1BDE9BCB-647F-446D-9C69-145315E5598C}.Debug|Any CPU.Build.0 = Debug|Any CPU
		{1BDE9BCB-647F-446D-9C69-145315E5598C}.Release|Any CPU.ActiveCfg = Release|Any CPU
		{1BDE9BCB-647F-446D-9C69-145315E5598C}.Release|Any CPU.Build.0 = Release|Any CPU
		{AE0E562F-C5AC-4EFB-B8F3-00B18C1DEFAD}.Debug|Any CPU.ActiveCfg = Debug|Any CPU
		{AE0E562F-C5AC-4EFB-B8F3-00B18C1DEFAD}.Debug|Any CPU.Build.0 = Debug|Any CPU
		{AE0E562F-C5AC-4EFB-B8F3-00B18C1DEFAD}.Release|Any CPU.ActiveCfg = Release|Any CPU
		{AE0E562F-C5AC-4EFB-B8F3-00B18C1DEFAD}.Release|Any CPU.Build.0 = Release|Any CPU
	EndGlobalSection
	GlobalSection(SolutionProperties) = preSolution
		HideSolutionNode = FALSE
	EndGlobalSection
	GlobalSection(ExtensibilityGlobals) = postSolution
		SolutionGuid = {627B9975-1A96-4CB4-96A4-6567C3197402}
	EndGlobalSection
EndGlobal
